{
  "name": "custom-git-server-nodejs",
  "version": "1.0.0",
  "lockfileVersion": 1,
  "requires": true,
  "dependencies": {
    "node-git-server": {
      "version": "0.6.1",
      "resolved": "https://registry.npmjs.org/node-git-server/-/node-git-server-0.6.1.tgz",
      "integrity": "sha512-dCWUlzD4j1p2SEp/Lm08a0YJgm9W3KFQbyZXPKmI4tY/TAPii5KT0dQmuLDbNAJFW4OJ4KrvRDdunt/D8zi9ew==",
      "requires": {
        "through": "^2.3.8"
      }
    },
    "through": {
      "version": "2.3.8",
      "resolved": "https://registry.npmjs.org/through/-/through-2.3.8.tgz",
      "integrity": "sha1-DdTJ/6q8NXlgsbckEV1+Doai4fU="
    }
  }
}
